
Microsoft Visual Studio Solution File, Format Version 12.00
# Visual Studio Version 17
VisualStudioVersion = 17.6.33723.286
MinimumVisualStudioVersion = 10.0.40219.1
Project("{9A19103F-16F7-4668-BE54-9A1E7A4F7556}") = "IdentityClaimsPlay.Crm", "IdentityClaimsPlay.Crm\IdentityClaimsPlay.Crm.csproj", "{F463B1DC-7614-4374-8D2B-978B711CD789}"
EndProject
Project("{2150E333-8FDC-42A3-9474-1A3956D46DE8}") = "Misc", "Misc", "{0446FC60-1524-44D6-9915-7ADE75E40CC8}"
	ProjectSection(SolutionItems) = preProject
		README.md = README.md
	EndProjectSection
EndProject
Project("{9A19103F-16F7-4668-BE54-9A1E7A4F7556}") = "IdentityClaimsPlay.Data", "IdentityClaimsPlay.Data\IdentityClaimsPlay.Data.csproj", "{92EEBDF1-80A6-45E3-BCCE-D0BBCA6C05E9}"
EndProject
Project("{9A19103F-16F7-4668-BE54-9A1E7A4F7556}") = "IdentityClaimsPlay.Admin", "IdentityClaimsPlay.Admin\IdentityClaimsPlay.Admin.csproj", "{1EDC6CD7-2238-4DF7-9C4D-FC852EDA5222}"
EndProject
Project("{9A19103F-16F7-4668-BE54-9A1E7A4F7556}") = "IdentityClaimsPlay.Portal", "IdentityClaimsPlay.Portal\IdentityClaimsPlay.Portal.csproj", "{CAE05F1B-3843-467F-A67B-1D7742D2A8E2}"
EndProject
Project("{9A19103F-16F7-4668-BE54-9A1E7A4F7556}") = "IdentityClaimsPlay.Accountants", "IdentityClaimsPlay.Accountants\IdentityClaimsPlay.Accountants.csproj", "{5A7B9C93-ADB7-4191-BFCA-4F78B5158EA4}"
EndProject
Project("{FAE04EC0-301F-11D3-BF4B-00C04F79EFBC}") = "IdentityClaimsPlay.Asp", "IdentityClaimsPlay.Asp\IdentityClaimsPlay.Asp.csproj", "{0BB0A85C-A72C-49C3-9893-6F68D072B7E4}"
EndProject
Global
	GlobalSection(SolutionConfigurationPlatforms) = preSolution
		Debug|Any CPU = Debug|Any CPU
		Release|Any CPU = Release|Any CPU
	EndGlobalSection
	GlobalSection(ProjectConfigurationPlatforms) = postSolution
		{F463B1DC-7614-4374-8D2B-978B711CD789}.Debug|Any CPU.ActiveCfg = Debug|Any CPU
		{F463B1DC-7614-4374-8D2B-978B711CD789}.Debug|Any CPU.Build.0 = Debug|Any CPU
		{F463B1DC-7614-4374-8D2B-978B711CD789}.Release|Any CPU.ActiveCfg = Release|Any CPU
		{F463B1DC-7614-4374-8D2B-978B711CD789}.Release|Any CPU.Build.0 = Release|Any CPU
		{92EEBDF1-80A6-45E3-BCCE-D0BBCA6C05E9}.Debug|Any CPU.ActiveCfg = Debug|Any CPU
		{92EEBDF1-80A6-45E3-BCCE-D0BBCA6C05E9}.Debug|Any CPU.Build.0 = Debug|Any CPU
		{92EEBDF1-80A6-45E3-BCCE-D0BBCA6C05E9}.Release|Any CPU.ActiveCfg = Release|Any CPU
		{92EEBDF1-80A6-45E3-BCCE-D0BBCA6C05E9}.Release|Any CPU.Build.0 = Release|Any CPU
		{1EDC6CD7-2238-4DF7-9C4D-FC852EDA5222}.Debug|Any CPU.ActiveCfg = Debug|Any CPU
		{1EDC6CD7-2238-4DF7-9C4D-FC852EDA5222}.Debug|Any CPU.Build.0 = Debug|Any CPU
		{1EDC6CD7-2238-4DF7-9C4D-FC852EDA5222}.Release|Any CPU.ActiveCfg = Release|Any CPU
		{1EDC6CD7-2238-4DF7-9C4D-FC852EDA5222}.Release|Any CPU.Build.0 = Release|Any CPU
		{CAE05F1B-3843-467F-A67B-1D7742D2A8E2}.Debug|Any CPU.ActiveCfg = Debug|Any CPU
		{CAE05F1B-3843-467F-A67B-1D7742D2A8E2}.Debug|Any CPU.Build.0 = Debug|Any CPU
		{CAE05F1B-3843-467F-A67B-1D7742D2A8E2}.Release|Any CPU.ActiveCfg = Release|Any CPU
		{CAE05F1B-3843-467F-A67B-1D7742D2A8E2}.Release|Any CPU.Build.0 = Release|Any CPU
		{5A7B9C93-ADB7-4191-BFCA-4F78B5158EA4}.Debug|Any CPU.ActiveCfg = Debug|Any CPU
		{5A7B9C93-ADB7-4191-BFCA-4F78B5158EA4}.Debug|Any CPU.Build.0 = Debug|Any CPU
		{5A7B9C93-ADB7-4191-BFCA-4F78B5158EA4}.Release|Any CPU.ActiveCfg = Release|Any CPU
		{5A7B9C93-ADB7-4191-BFCA-4F78B5158EA4}.Release|Any CPU.Build.0 = Release|Any CPU
		{0BB0A85C-A72C-49C3-9893-6F68D072B7E4}.Debug|Any CPU.ActiveCfg = Debug|Any CPU
		{0BB0A85C-A72C-49C3-9893-6F68D072B7E4}.Debug|Any CPU.Build.0 = Debug|Any CPU
		{0BB0A85C-A72C-49C3-9893-6F68D072B7E4}.Release|Any CPU.ActiveCfg = Release|Any CPU
		{0BB0A85C-A72C-49C3-9893-6F68D072B7E4}.Release|Any CPU.Build.0 = Release|Any CPU
	EndGlobalSection
	GlobalSection(SolutionProperties) = preSolution
		HideSolutionNode = FALSE
	EndGlobalSection
	GlobalSection(ExtensibilityGlobals) = postSolution
		SolutionGuid = {2F9BF82D-9EC3-4EB2-9154-FC3601F69F67}
	EndGlobalSection
EndGlobal
